# This file is generated by running "yarn install" inside your project.
# Manual changes might be lost - proceed with caution!

__metadata:
  version: 10
  cacheKey: 10

"@oxfmt/binding-android-arm-eabi@npm:0.67.0":
  version: 0.67.0
  resolution: "@oxfmt/binding-android-arm-eabi@npm:0.67.0"
  conditions: os=android & cpu=arm
  languageName: node
  linkType: hard

"@oxfmt/binding-android-arm64@npm:0.67.0":
  version: 0.67.0
  resolution: "@oxfmt/binding-android-arm64@npm:0.67.0"
  conditions: os=android & cpu=arm64
  languageName: node
  linkType: hard

"@oxfmt/binding-darwin-arm64@npm:0.67.0":
  version: 0.67.0
  resolution: "@oxfmt/binding-darwin-arm64@npm:0.67.0"
  conditions: os=darwin & cpu=arm64
  languageName: node
  linkType: hard

"@oxfmt/binding-darwin-x64@npm:0.67.0":
  version: 0.67.0
  resolution: "@oxfmt/binding-darwin-x64@npm:0.67.0"
  conditions: os=darwin & cpu=x64
  languageName: node
  linkType: hard

"@oxfmt/binding-freebsd-x64@npm:0.67.0":
  version: 0.67.0
  resolution: "@oxfmt/binding-freebsd-x64@npm:0.67.0"
  conditions: os=freebsd & cpu=x64
  languageName: node
  linkType: hard

"@oxfmt/binding-linux-arm-gnueabihf@npm:0.67.0":
  version: 0.67.0
  resolution: "@oxfmt/binding-linux-arm-gnueabihf@npm:0.67.0"
  conditions: os=linux & cpu=arm
  languageName: node
  linkType: hard

"@oxfmt/binding-linux-arm-musleabihf@npm:0.67.0":
  version: 0.67.0
  resolution: "@oxfmt/binding-linux-arm-musleabihf@npm:0.67.0"
  conditions: os=linux & cpu=arm
  languageName: node
  linkType: hard

"@oxfmt/binding-linux-arm64-gnu@npm:0.67.0":
  version: 0.67.0
  resolution: "@oxfmt/binding-linux-arm64-gnu@npm:0.67.0"
  conditions: os=linux & cpu=arm64 & libc=glibc
  languageName: node
  linkType: hard

"@oxfmt/binding-linux-arm64-musl@npm:0.67.0":
  version: 0.67.0
  resolution: "@oxfmt/binding-linux-arm64-musl@npm:0.67.0"
  conditions: os=linux & cpu=arm64 & libc=musl
  languageName: node
  linkType: hard

"@oxfmt/binding-linux-ppc64-gnu@npm:0.67.0":
  version: 0.67.0
  resolution: "@oxfmt/binding-linux-ppc64-gnu@npm:0.67.0"
  conditions: os=linux & cpu=ppc64 & libc=glibc
  languageName: node
  linkType: hard

"@oxfmt/binding-linux-riscv64-gnu@npm:0.67.0":
  version: 0.67.0
  resolution: "@oxfmt/binding-linux-riscv64-gnu@npm:0.67.0"
  conditions: os=linux & cpu=riscv64 & libc=glibc
  languageName: node
  linkType: hard

"@oxfmt/binding-linux-riscv64-musl@npm:0.67.0":
  version: 0.67.0
  resolution: "@oxfmt/binding-linux-riscv64-musl@npm:0.67.0"
  conditions: os=linux & cpu=riscv64 & libc=musl
  languageName: node
  linkType: hard

"@oxfmt/binding-linux-s390x-gnu@npm:0.67.0":
  version: 0.67.0
  resolution: "@oxfmt/binding-linux-s390x-gnu@npm:0.67.0"
  conditions: os=linux & cpu=s390x & libc=glibc
  languageName: node
  linkType: hard

"@oxfmt/binding-linux-x64-gnu@npm:0.67.0":
  version: 0.67.0
  resolution: "@oxfmt/binding-linux-x64-gnu@npm:0.67.0"
  conditions: os=linux & cpu=x64 & libc=glibc
  languageName: node
  linkType: hard

"@oxfmt/binding-linux-x64-musl@npm:0.67.0":
  version: 0.67.0
  resolution: "@oxfmt/binding-linux-x64-musl@npm:0.67.0"
  conditions: os=linux & cpu=x64 & libc=musl
  languageName: node
  linkType: hard

"@oxfmt/binding-openharmony-arm64@npm:0.67.0":
  version: 0.67.0
  resolution: "@oxfmt/binding-openharmony-arm64@npm:0.67.0"
  conditions: os=openharmony & cpu=arm64
  languageName: node
  linkType: hard

"@oxfmt/binding-win32-arm64-msvc@npm:0.67.0":
  version: 0.67.0
  resolution: "@oxfmt/binding-win32-arm64-msvc@npm:0.67.0"
  conditions: os=win32 & cpu=arm64
  languageName: node
  linkType: hard

"@oxfmt/binding-win32-ia32-msvc@npm:0.67.0":
  version: 0.67.0
  resolution: "@oxfmt/binding-win32-ia32-msvc@npm:0.67.0"
  conditions: os=win32 & cpu=ia32
  languageName: node
  linkType: hard

"@oxfmt/binding-win32-x64-msvc@npm:0.67.0":
  version: 0.67.0
  resolution: "@oxfmt/binding-win32-x64-msvc@npm:0.67.0"
  conditions: os=win32 & cpu=x64
  languageName: node
  linkType: hard

"@oxlint/binding-android-arm-eabi@npm:1.82.0":
  version: 1.82.0
  resolution: "@oxlint/binding-android-arm-eabi@npm:1.82.0"
  conditions: os=android & cpu=arm
  languageName: node
  linkType: hard

"@oxlint/binding-android-arm64@npm:1.82.0":
  version: 1.82.0
  resolution: "@oxlint/binding-android-arm64@npm:1.82.0"
  conditions: os=android & cpu=arm64
  languageName: node
  linkType: hard

"@oxlint/binding-darwin-arm64@npm:1.82.0":
  version: 1.82.0
  resolution: "@oxlint/binding-darwin-arm64@npm:1.82.0"
  conditions: os=darwin & cpu=arm64
  languageName: node
  linkType: hard

"@oxlint/binding-darwin-x64@npm:1.82.0":
  version: 1.82.0
  resolution: "@oxlint/binding-darwin-x64@npm:1.82.0"
  conditions: os=darwin & cpu=x64
  languageName: node
  linkType: hard

"@oxlint/binding-freebsd-x64@npm:1.82.0":
  version: 1.82.0
  resolution: "@oxlint/binding-freebsd-x64@npm:1.82.0"
  conditions: os=freebsd & cpu=x64
  languageName: node
  linkType: hard

"@oxlint/binding-linux-arm-gnueabihf@npm:1.82.0":
  version: 1.82.0
  resolution: "@oxlint/binding-linux-arm-gnueabihf@npm:1.82.0"
  conditions: os=linux & cpu=arm
  languageName: node
  linkType: hard

"@oxlint/binding-linux-arm-musleabihf@npm:1.82.0":
  version: 1.82.0
  resolution: "@oxlint/binding-linux-arm-musleabihf@npm:1.82.0"
  conditions: os=linux & cpu=arm
  languageName: node
  linkType: hard

"@oxlint/binding-linux-arm64-gnu@npm:1.82.0":
  version: 1.82.0
  resolution: "@oxlint/binding-linux-arm64-gnu@npm:1.82.0"
  conditions: os=linux & cpu=arm64 & libc=glibc
  languageName: node
  linkType: hard

"@oxlint/binding-linux-arm64-musl@npm:1.82.0":
  version: 1.82.0
  resolution: "@oxlint/binding-linux-arm64-musl@npm:1.82.0"
  conditions: os=linux & cpu=arm64 & libc=musl
  languageName: node
  linkType: hard

"@oxlint/binding-linux-ppc64-gnu@npm:1.82.0":
  version: 1.82.0
  resolution: "@oxlint/binding-linux-ppc64-gnu@npm:1.82.0"
  conditions: os=linux & cpu=ppc64 & libc=glibc
  languageName: node
  linkType: hard

"@oxlint/binding-linux-riscv64-gnu@npm:1.82.0":
  version: 1.82.0
  resolution: "@oxlint/binding-linux-riscv64-gnu@npm:1.82.0"
  conditions: os=linux & cpu=riscv64 & libc=glibc
  languageName: node
  linkType: hard

"@oxlint/binding-linux-riscv64-musl@npm:1.82.0":
  version: 1.82.0
  resolution: "@oxlint/binding-linux-riscv64-musl@npm:1.82.0"
  conditions: os=linux & cpu=riscv64 & libc=musl
  languageName: node
  linkType: hard

"@oxlint/binding-linux-s390x-gnu@npm:1.82.0":
  version: 1.82.0
  resolution: "@oxlint/binding-linux-s390x-gnu@npm:1.82.0"
  conditions: os=linux & cpu=s390x & libc=glibc
  languageName: node
  linkType: hard

"@oxlint/binding-linux-x64-gnu@npm:1.82.0":
  version: 1.82.0
  resolution: "@oxlint/binding-linux-x64-gnu@npm:1.82.0"
  conditions: os=linux & cpu=x64 & libc=glibc
  languageName: node
  linkType: hard

"@oxlint/binding-linux-x64-musl@npm:1.82.0":
  version: 1.82.0
  resolution: "@oxlint/binding-linux-x64-musl@npm:1.82.0"
  conditions: os=linux & cpu=x64 & libc=musl
  languageName: node
  linkType: hard

"@oxlint/binding-openharmony-arm64@npm:1.82.0":
  version: 1.82.0
  resolution: "@oxlint/binding-openharmony-arm64@npm:1.82.0"
  conditions: os=openharmony & cpu=arm64
  languageName: node
  linkType: hard

"@oxlint/binding-win32-arm64-msvc@npm:1.82.0":
  version: 1.82.0
  resolution: "@oxlint/binding-win32-arm64-msvc@npm:1.82.0"
  conditions: os=win32 & cpu=arm64
  languageName: node
  linkType: hard

"@oxlint/binding-win32-ia32-msvc@npm:1.82.0":
  version: 1.82.0
  resolution: "@oxlint/binding-win32-ia32-msvc@npm:1.82.0"
  conditions: os=win32 & cpu=ia32
  languageName: node
  linkType: hard

"@oxlint/binding-win32-x64-msvc@npm:1.82.0":
  version: 1.82.0
  resolution: "@oxlint/binding-win32-x64-msvc@npm:1.82.0"
  conditions: os=win32 & cpu=x64
  languageName: node
  linkType: hard

"@playwright/test@npm:^1.63.0":
  version: 1.63.0
  resolution: "@playwright/test@npm:1.63.0"
  dependencies:
    playwright: "npm:1.63.0"
  bin:
    playwright: cli.js
  checksum: 10/b5e561b8f11488b8062b98c5cf975740f48ae7e9b455fb7152e0fb90d8e13f20c3c3ae6a15833655364246b99f5a46f6601daa5a9eef01de5004c8be7e2b3af3
  languageName: node
  linkType: hard

"@types/node@npm:^26.5.1":
  version: 26.5.1
  resolution: "@types/node@npm:26.5.1"
  dependencies:
    undici-types: "npm:~8.9.0"
  checksum: 10/5b509d30dc9344c91cba3291acecf6f424320cb763c8192befd50cc8b1a8207dd7dcff8c4f313eea6468e9f2121cc78ffb6affbd7ecd951b4b32e2629ea9856d
  languageName: node
  linkType: hard

"@typescript/typescript-aix-ppc64@npm:7.0.2":
  version: 7.0.2
  resolution: "@typescript/typescript-aix-ppc64@npm:7.0.2"
  conditions: os=aix & cpu=ppc64
  languageName: node
  linkType: hard

"@typescript/typescript-darwin-arm64@npm:7.0.2":
  version: 7.0.2
  resolution: "@typescript/typescript-darwin-arm64@npm:7.0.2"
  conditions: os=darwin & cpu=arm64
  languageName: node
  linkType: hard

"@typescript/typescript-darwin-x64@npm:7.0.2":
  version: 7.0.2
  resolution: "@typescript/typescript-darwin-x64@npm:7.0.2"
  conditions: os=darwin & cpu=x64
  languageName: node
  linkType: hard

"@typescript/typescript-freebsd-arm64@npm:7.0.2":
  version: 7.0.2
  resolution: "@typescript/typescript-freebsd-arm64@npm:7.0.2"
  conditions: os=freebsd & cpu=arm64
  languageName: node
  linkType: hard

"@typescript/typescript-freebsd-x64@npm:7.0.2":
  version: 7.0.2
  resolution: "@typescript/typescript-freebsd-x64@npm:7.0.2"
  conditions: os=freebsd & cpu=x64
  languageName: node
  linkType: hard

"@typescript/typescript-linux-arm64@npm:7.0.2":
  version: 7.0.2
  resolution: "@typescript/typescript-linux-arm64@npm:7.0.2"
  conditions: os=linux & cpu=arm64
  languageName: node
  linkType: hard

"@typescript/typescript-linux-arm@npm:7.0.2":
  version: 7.0.2
  resolution: "@typescript/typescript-linux-arm@npm:7.0.2"
  conditions: os=linux & cpu=arm
  languageName: node
  linkType: hard

"@typescript/typescript-linux-loong64@npm:7.0.2":
  version: 7.0.2
  resolution: "@typescript/typescript-linux-loong64@npm:7.0.2"
  conditions: os=linux & cpu=loong64
  languageName: node
  linkType: hard

"@typescript/typescript-linux-mips64el@npm:7.0.2":
  version: 7.0.2
  resolution: "@typescript/typescript-linux-mips64el@npm:7.0.2"
  conditions: os=linux & cpu=mips64el
  languageName: node
  linkType: hard

"@typescript/typescript-linux-ppc64@npm:7.0.2":
  version: 7.0.2
  resolution: "@typescript/typescript-linux-ppc64@npm:7.0.2"
  conditions: os=linux & cpu=ppc64
  languageName: node
  linkType: hard

"@typescript/typescript-linux-riscv64@npm:7.0.2":
  version: 7.0.2
  resolution: "@typescript/typescript-linux-riscv64@npm:7.0.2"
  conditions: os=linux & cpu=riscv64
  languageName: node
  linkType: hard

"@typescript/typescript-linux-s390x@npm:7.0.2":
  version: 7.0.2
  resolution: "@typescript/typescript-linux-s390x@npm:7.0.2"
  conditions: os=linux & cpu=s390x
  languageName: node
  linkType: hard

"@typescript/typescript-linux-x64@npm:7.0.2":
  version: 7.0.2
  resolution: "@typescript/typescript-linux-x64@npm:7.0.2"
  conditions: os=linux & cpu=x64
  languageName: node
  linkType: hard

"@typescript/typescript-netbsd-arm64@npm:7.0.2":
  version: 7.0.2
  resolution: "@typescript/typescript-netbsd-arm64@npm:7.0.2"
  conditions: os=netbsd & cpu=arm64
  languageName: node
  linkType: hard

"@typescript/typescript-netbsd-x64@npm:7.0.2":
  version: 7.0.2
  resolution: "@typescript/typescript-netbsd-x64@npm:7.0.2"
  conditions: os=netbsd & cpu=x64
  languageName: node
  linkType: hard

"@typescript/typescript-openbsd-arm64@npm:7.0.2":
  version: 7.0.2
  resolution: "@typescript/typescript-openbsd-arm64@npm:7.0.2"
  conditions: os=openbsd & cpu=arm64
  languageName: node
  linkType: hard

"@typescript/typescript-openbsd-x64@npm:7.0.2":
  version: 7.0.2
  resolution: "@typescript/typescript-openbsd-x64@npm:7.0.2"
  conditions: os=openbsd & cpu=x64
  languageName: node
  linkType: hard

"@typescript/typescript-sunos-x64@npm:7.0.2":
  version: 7.0.2
  resolution: "@typescript/typescript-sunos-x64@npm:7.0.2"
  conditions: os=sunos & cpu=x64
  languageName: node
  linkType: hard

"@typescript/typescript-win32-arm64@npm:7.0.2":
  version: 7.0.2
  resolution: "@typescript/typescript-win32-arm64@npm:7.0.2"
  conditions: os=win32 & cpu=arm64
  languageName: node
  linkType: hard

"@typescript/typescript-win32-x64@npm:7.0.2":
  version: 7.0.2
  resolution: "@typescript/typescript-win32-x64@npm:7.0.2"
  conditions: os=win32 & cpu=x64
  languageName: node
  linkType: hard

"adam-e2e-tests@workspace:.":
  version: 0.0.0-use.local
  resolution: "adam-e2e-tests@workspace:."
  dependencies:
    "@playwright/test": "npm:^1.63.0"
    "@types/node": "npm:^26.5.1"
    dotenv: "npm:^17.4.2"
    oxfmt: "npm:^0.67.0"
    oxlint: "npm:^1.82.0"
    typescript: "npm:^7.0.2"
  languageName: unknown
  linkType: soft

"dotenv@npm:^17.4.2":
  version: 17.4.2
  resolution: "dotenv@npm:17.4.2"
  checksum: 10/ca1b6f54d58e39914901e1518958e86083aca8deb5aa2e7f2a51acd53291d97852479b0ab26ed949b6a45a0e9adcc7b0d1c3c72375e8ea670f7005e341c6daba
  languageName: node
  linkType: hard

"oxfmt@npm:^0.67.0":
  version: 0.67.0
  resolution: "oxfmt@npm:0.67.0"
  dependencies:
    "@oxfmt/binding-android-arm-eabi": "npm:0.67.0"
    "@oxfmt/binding-android-arm64": "npm:0.67.0"
    "@oxfmt/binding-darwin-arm64": "npm:0.67.0"
    "@oxfmt/binding-darwin-x64": "npm:0.67.0"
    "@oxfmt/binding-freebsd-x64": "npm:0.67.0"
    "@oxfmt/binding-linux-arm-gnueabihf": "npm:0.67.0"
    "@oxfmt/binding-linux-arm-musleabihf": "npm:0.67.0"
    "@oxfmt/binding-linux-arm64-gnu": "npm:0.67.0"
    "@oxfmt/binding-linux-arm64-musl": "npm:0.67.0"
    "@oxfmt/binding-linux-ppc64-gnu": "npm:0.67.0"
    "@oxfmt/binding-linux-riscv64-gnu": "npm:0.67.0"
    "@oxfmt/binding-linux-riscv64-musl": "npm:0.67.0"
    "@oxfmt/binding-linux-s390x-gnu": "npm:0.67.0"
    "@oxfmt/binding-linux-x64-gnu": "npm:0.67.0"
    "@oxfmt/binding-linux-x64-musl": "npm:0.67.0"
    "@oxfmt/binding-openharmony-arm64": "npm:0.67.0"
    "@oxfmt/binding-win32-arm64-msvc": "npm:0.67.0"
    "@oxfmt/binding-win32-ia32-msvc": "npm:0.67.0"
    "@oxfmt/binding-win32-x64-msvc": "npm:0.67.0"
    tinypool: "npm:2.1.2"
  peerDependencies:
    svelte: ^5.0.0
    vite-plus: "*"
  dependenciesMeta:
    "@oxfmt/binding-android-arm-eabi":
      optional: true
    "@oxfmt/binding-android-arm64":
      optional: true
    "@oxfmt/binding-darwin-arm64":
      optional: true
    "@oxfmt/binding-darwin-x64":
      optional: true
    "@oxfmt/binding-freebsd-x64":
      optional: true
    "@oxfmt/binding-linux-arm-gnueabihf":
      optional: true
    "@oxfmt/binding-linux-arm-musleabihf":
      optional: true
    "@oxfmt/binding-linux-arm64-gnu":
      optional: true
    "@oxfmt/binding-linux-arm64-musl":
      optional: true
    "@oxfmt/binding-linux-ppc64-gnu":
      optional: true
    "@oxfmt/binding-linux-riscv64-gnu":
      optional: true
    "@oxfmt/binding-linux-riscv64-musl":
      optional: true
    "@oxfmt/binding-linux-s390x-gnu":
      optional: true
    "@oxfmt/binding-linux-x64-gnu":
      optional: true
    "@oxfmt/binding-linux-x64-musl":
      optional: true
    "@oxfmt/binding-openharmony-arm64":
      optional: true
    "@oxfmt/binding-win32-arm64-msvc":
      optional: true
    "@oxfmt/binding-win32-ia32-msvc":
      optional: true
    "@oxfmt/binding-win32-x64-msvc":
      optional: true
  peerDependenciesMeta:
    svelte:
      optional: true
    vite-plus:
      optional: true
  bin:
    oxfmt: bin/oxfmt
  checksum: 10/fd838131baaeca6cb7d4ca0d956024c7ff2b2a5b37195d397e8a7bf4a80ea1436ee8bb3d33dd3cf5cdd583f98ef26866b3d2f89a6a89871b3dd9e77868be0c55
  languageName: node
  linkType: hard

"oxlint@npm:^1.82.0":
  version: 1.82.0
  resolution: "oxlint@npm:1.82.0"
  dependencies:
    "@oxlint/binding-android-arm-eabi": "npm:1.82.0"
    "@oxlint/binding-android-arm64": "npm:1.82.0"
    "@oxlint/binding-darwin-arm64": "npm:1.82.0"
    "@oxlint/binding-darwin-x64": "npm:1.82.0"
    "@oxlint/binding-freebsd-x64": "npm:1.82.0"
    "@oxlint/binding-linux-arm-gnueabihf": "npm:1.82.0"
    "@oxlint/binding-linux-arm-musleabihf": "npm:1.82.0"
    "@oxlint/binding-linux-arm64-gnu": "npm:1.82.0"
    "@oxlint/binding-linux-arm64-musl": "npm:1.82.0"
    "@oxlint/binding-linux-ppc64-gnu": "npm:1.82.0"
    "@oxlint/binding-linux-riscv64-gnu": "npm:1.82.0"
    "@oxlint/binding-linux-riscv64-musl": "npm:1.82.0"
    "@oxlint/binding-linux-s390x-gnu": "npm:1.82.0"
    "@oxlint/binding-linux-x64-gnu": "npm:1.82.0"
    "@oxlint/binding-linux-x64-musl": "npm:1.82.0"
    "@oxlint/binding-openharmony-arm64": "npm:1.82.0"
    "@oxlint/binding-win32-arm64-msvc": "npm:1.82.0"
    "@oxlint/binding-win32-ia32-msvc": "npm:1.82.0"
    "@oxlint/binding-win32-x64-msvc": "npm:1.82.0"
  peerDependencies:
    oxlint-tsgolint: ">=7.0.2001"
    vite-plus: "*"
  dependenciesMeta:
    "@oxlint/binding-android-arm-eabi":
      optional: true
    "@oxlint/binding-android-arm64":
      optional: true
    "@oxlint/binding-darwin-arm64":
      optional: true
    "@oxlint/binding-darwin-x64":
      optional: true
    "@oxlint/binding-freebsd-x64":
      optional: true
    "@oxlint/binding-linux-arm-gnueabihf":
      optional: true
    "@oxlint/binding-linux-arm-musleabihf":
      optional: true
    "@oxlint/binding-linux-arm64-gnu":
      optional: true
    "@oxlint/binding-linux-arm64-musl":
      optional: true
    "@oxlint/binding-linux-ppc64-gnu":
      optional: true
    "@oxlint/binding-linux-riscv64-gnu":
      optional: true
    "@oxlint/binding-linux-riscv64-musl":
      optional: true
    "@oxlint/binding-linux-s390x-gnu":
      optional: true
    "@oxlint/binding-linux-x64-gnu":
      optional: true
    "@oxlint/binding-linux-x64-musl":
      optional: true
    "@oxlint/binding-openharmony-arm64":
      optional: true
    "@oxlint/binding-win32-arm64-msvc":
      optional: true
    "@oxlint/binding-win32-ia32-msvc":
      optional: true
    "@oxlint/binding-win32-x64-msvc":
      optional: true
  peerDependenciesMeta:
    oxlint-tsgolint:
      optional: true
    vite-plus:
      optional: true
  bin:
    oxlint: bin/oxlint
  checksum: 10/32acbea23ee063938613099092b89a5325d70de83f711221cd6b98165bc218554fc94705c978d7e3d2b60cdba9156aee969a7f114e9d5decb8d0b5ce3378cb75
  languageName: node
  linkType: hard

"playwright-core@npm:1.63.0":
  version: 1.63.0
  resolution: "playwright-core@npm:1.63.0"
  bin:
    playwright-core: cli.js
  checksum: 10/d0f7c70786f5e08aa7553a77ba28c07427086e323ae8c4126a647debd8181966dc11d6f8fe1462f2a776ad60c95451b08f01fbee17b11e69a5bd9a2070fe75a6
  languageName: node
  linkType: hard

"playwright@npm:1.63.0":
  version: 1.63.0
  resolution: "playwright@npm:1.63.0"
  dependencies:
    playwright-core: "npm:1.63.0"
  bin:
    playwright: cli.js
  checksum: 10/ec87c22888148603a8955bc2a092f416455af931fe53925b9143ce333b83e42a6d8c159c00a4f2d232b27100cf3eadd93cec8a6e5c4e12c1c00663d2034dd515
  languageName: node
  linkType: hard

"tinypool@npm:2.1.2":
  version: 2.1.2
  resolution: "tinypool@npm:2.1.2"
  checksum: 10/0493f5c4eef99272e888d9e8a973a0472671f88fbe474d5964ececfc5426a86c84f617efba514765039c851fa7abb6a5a8a18f92116405dce676eac1406830cb
  languageName: node
  linkType: hard

"typescript@npm:^7.0.2":
  version: 7.0.2
  resolution: "typescript@npm:7.0.2"
  dependencies:
    "@typescript/typescript-aix-ppc64": "npm:7.0.2"
    "@typescript/typescript-darwin-arm64": "npm:7.0.2"
    "@typescript/typescript-darwin-x64": "npm:7.0.2"
    "@typescript/typescript-freebsd-arm64": "npm:7.0.2"
    "@typescript/typescript-freebsd-x64": "npm:7.0.2"
    "@typescript/typescript-linux-arm": "npm:7.0.2"
    "@typescript/typescript-linux-arm64": "npm:7.0.2"
    "@typescript/typescript-linux-loong64": "npm:7.0.2"
    "@typescript/typescript-linux-mips64el": "npm:7.0.2"
    "@typescript/typescript-linux-ppc64": "npm:7.0.2"
    "@typescript/typescript-linux-riscv64": "npm:7.0.2"
    "@typescript/typescript-linux-s390x": "npm:7.0.2"
    "@typescript/typescript-linux-x64": "npm:7.0.2"
    "@typescript/typescript-netbsd-arm64": "npm:7.0.2"
    "@typescript/typescript-netbsd-x64": "npm:7.0.2"
    "@typescript/typescript-openbsd-arm64": "npm:7.0.2"
    "@typescript/typescript-openbsd-x64": "npm:7.0.2"
    "@typescript/typescript-sunos-x64": "npm:7.0.2"
    "@typescript/typescript-win32-arm64": "npm:7.0.2"
    "@typescript/typescript-win32-x64": "npm:7.0.2"
  dependenciesMeta:
    "@typescript/typescript-aix-ppc64":
      optional: true
    "@typescript/typescript-darwin-arm64":
      optional: true
    "@typescript/typescript-darwin-x64":
      optional: true
    "@typescript/typescript-freebsd-arm64":
      optional: true
    "@typescript/typescript-freebsd-x64":
      optional: true
    "@typescript/typescript-linux-arm":
      optional: true
    "@typescript/typescript-linux-arm64":
      optional: true
    "@typescript/typescript-linux-loong64":
      optional: true
    "@typescript/typescript-linux-mips64el":
      optional: true
    "@typescript/typescript-linux-ppc64":
      optional: true
    "@typescript/typescript-linux-riscv64":
      optional: true
    "@typescript/typescript-linux-s390x":
      optional: true
    "@typescript/typescript-linux-x64":
      optional: true
    "@typescript/typescript-netbsd-arm64":
      optional: true
    "@typescript/typescript-netbsd-x64":
      optional: true
    "@typescript/typescript-openbsd-arm64":
      optional: true
    "@typescript/typescript-openbsd-x64":
      optional: true
    "@typescript/typescript-sunos-x64":
      optional: true
    "@typescript/typescript-win32-arm64":
      optional: true
    "@typescript/typescript-win32-x64":
      optional: true
  bin:
    tsc: bin/tsc
  checksum: 10/b0179005349b43dc1febb35c4e79162cdf89b84eae60f6deac142429109041e07582e69a6aacf5a897e085869686d4512ea444a10acf5b5aa2b60910f82a19ca
  languageName: node
  linkType: hard

"typescript@patch:typescript@npm%3A^7.0.2#optional!builtin<compat/typescript>":
  version: 7.0.2
  resolution: "typescript@patch:typescript@npm%3A7.0.2#optional!builtin<compat/typescript>::version=7.0.2&hash=3bafbf"
  dependencies:
    "@typescript/typescript-aix-ppc64": "npm:7.0.2"
    "@typescript/typescript-darwin-arm64": "npm:7.0.2"
    "@typescript/typescript-darwin-x64": "npm:7.0.2"
    "@typescript/typescript-freebsd-arm64": "npm:7.0.2"
    "@typescript/typescript-freebsd-x64": "npm:7.0.2"
    "@typescript/typescript-linux-arm": "npm:7.0.2"
    "@typescript/typescript-linux-arm64": "npm:7.0.2"
    "@typescript/typescript-linux-loong64": "npm:7.0.2"
    "@typescript/typescript-linux-mips64el": "npm:7.0.2"
    "@typescript/typescript-linux-ppc64": "npm:7.0.2"
    "@typescript/typescript-linux-riscv64": "npm:7.0.2"
    "@typescript/typescript-linux-s390x": "npm:7.0.2"
    "@typescript/typescript-linux-x64": "npm:7.0.2"
    "@typescript/typescript-netbsd-arm64": "npm:7.0.2"
    "@typescript/typescript-netbsd-x64": "npm:7.0.2"
    "@typescript/typescript-openbsd-arm64": "npm:7.0.2"
    "@typescript/typescript-openbsd-x64": "npm:7.0.2"
    "@typescript/typescript-sunos-x64": "npm:7.0.2"
    "@typescript/typescript-win32-arm64": "npm:7.0.2"
    "@typescript/typescript-win32-x64": "npm:7.0.2"
  dependenciesMeta:
    "@typescript/typescript-aix-ppc64":
      optional: true
    "@typescript/typescript-darwin-arm64":
      optional: true
    "@typescript/typescript-darwin-x64":
      optional: true
    "@typescript/typescript-freebsd-arm64":
      optional: true
    "@typescript/typescript-freebsd-x64":
      optional: true
    "@typescript/typescript-linux-arm":
      optional: true
    "@typescript/typescript-linux-arm64":
      optional: true
    "@typescript/typescript-linux-loong64":
      optional: true
    "@typescript/typescript-linux-mips64el":
      optional: true
    "@typescript/typescript-linux-ppc64":
      optional: true
    "@typescript/typescript-linux-riscv64":
      optional: true
    "@typescript/typescript-linux-s390x":
      optional: true
    "@typescript/typescript-linux-x64":
      optional: true
    "@typescript/typescript-netbsd-arm64":
      optional: true
    "@typescript/typescript-netbsd-x64":
      optional: true
    "@typescript/typescript-openbsd-arm64":
      optional: true
    "@typescript/typescript-openbsd-x64":
      optional: true
    "@typescript/typescript-sunos-x64":
      optional: true
    "@typescript/typescript-win32-arm64":
      optional: true
    "@typescript/typescript-win32-x64":
      optional: true
  bin:
    tsc: bin/tsc
  checksum: 10/6d7f3d34ca7fbd3eb4999f06db29340d3dcedd7d40ed71654ea53ecd0f28a330edf0f55a0acf541bf294a2f024f11242075c1a83aed4bd99776fe99af45b994b
  languageName: node
  linkType: hard

"undici-types@npm:~8.9.0":
  version: 8.9.0
  resolution: "undici-types@npm:8.9.0"
  checksum: 10/8785591929de2b71d281c684e915c4a8c41becc225adbf42a3e89148f8b384724a21533494c30a1cbb85b4cbccd088d020788ff4f2d605013eb2863cd47a1639
  languageName: node
  linkType: hard
